
Microsoft Visual Studio Solution File, Format Version 12.00
# Visual Studio 2013
VisualStudioVersion = 12.0.21005.1
MinimumVisualStudioVersion = 10.0.40219.1
Project("{FAE04EC0-301F-11D3-BF4B-00C04F79EFBC}") = "Server", "Server\Server.csproj", "{47CAF600-522B-424D-9123-7E504E3C37A3}"
EndProject
Project("{FAE04EC0-301F-11D3-BF4B-00C04F79EFBC}") = "Client", "Client\Client.csproj", "{E77905D0-5C02-43C1-8D02-C3ABB32CC2C9}"
EndProject
Project("{FAE04EC0-301F-11D3-BF4B-00C04F79EFBC}") = "ProtocalData", "ProtocalData\ProtocalData.csproj", "{7F3C6F7E-EDCC-4E6A-A4CB-71BCC521FBFD}"
EndProject
Project("{FAE04EC0-301F-11D3-BF4B-00C04F79EFBC}") = "AuscultationService", "AuscultationService\AuscultationService.csproj", "{A547D08C-45F4-4BF4-BD5E-8AB518DCE8D8}"
EndProject
Global
	GlobalSection(SolutionConfigurationPlatforms) = preSolution
		Debug|Any CPU = Debug|Any CPU
		Release|Any CPU = Release|Any CPU
	EndGlobalSection
	GlobalSection(ProjectConfigurationPlatforms) = postSolution
		{47CAF600-522B-424D-9123-7E504E3C37A3}.Debug|Any CPU.ActiveCfg = Debug|Any CPU
		{47CAF600-522B-424D-9123-7E504E3C37A3}.Debug|Any CPU.Build.0 = Debug|Any CPU
		{47CAF600-522B-424D-9123-7E504E3C37A3}.Release|Any CPU.ActiveCfg = Release|Any CPU
		{47CAF600-522B-424D-9123-7E504E3C37A3}.Release|Any CPU.Build.0 = Release|Any CPU
		{E77905D0-5C02-43C1-8D02-C3ABB32CC2C9}.Debug|Any CPU.ActiveCfg = Debug|Any CPU
		{E77905D0-5C02-43C1-8D02-C3ABB32CC2C9}.Debug|Any CPU.Build.0 = Debug|Any CPU
		{E77905D0-5C02-43C1-8D02-C3ABB32CC2C9}.Release|Any CPU.ActiveCfg = Release|Any CPU
		{E77905D0-5C02-43C1-8D02-C3ABB32CC2C9}.Release|Any CPU.Build.0 = Release|Any CPU
		{7F3C6F7E-EDCC-4E6A-A4CB-71BCC521FBFD}.Debug|Any CPU.ActiveCfg = Debug|Any CPU
		{7F3C6F7E-EDCC-4E6A-A4CB-71BCC521FBFD}.Debug|Any CPU.Build.0 = Debug|Any CPU
		{7F3C6F7E-EDCC-4E6A-A4CB-71BCC521FBFD}.Release|Any CPU.ActiveCfg = Release|Any CPU
		{7F3C6F7E-EDCC-4E6A-A4CB-71BCC521FBFD}.Release|Any CPU.Build.0 = Release|Any CPU
		{A547D08C-45F4-4BF4-BD5E-8AB518DCE8D8}.Debug|Any CPU.ActiveCfg = Debug|Any CPU
		{A547D08C-45F4-4BF4-BD5E-8AB518DCE8D8}.Debug|Any CPU.Build.0 = Debug|Any CPU
		{A547D08C-45F4-4BF4-BD5E-8AB518DCE8D8}.Release|Any CPU.ActiveCfg = Release|Any CPU
		{A547D08C-45F4-4BF4-BD5E-8AB518DCE8D8}.Release|Any CPU.Build.0 = Release|Any CPU
	EndGlobalSection
	GlobalSection(SolutionProperties) = preSolution
		HideSolutionNode = FALSE
	EndGlobalSection
EndGlobal
